
Microsoft Visual Studio Solution File, Format Version 11.00
# Visual Studio 2010
Project("{FAE04EC0-301F-11D3-BF4B-00C04F79EFBC}") = "RTCWMapDownloaderV2", "RTCWMapDownloaderV2\RTCWMapDownloaderV2.csproj", "{2F595233-075A-4534-A190-4A23E401C27E}"
EndProject
Global
	GlobalSection(SolutionConfigurationPlatforms) = preSolution
		Debug|Any CPU = Debug|Any CPU
		Release|Any CPU = Release|Any CPU
	EndGlobalSection
	GlobalSection(ProjectConfigurationPlatforms) = postSolution
		{2F595233-075A-4534-A190-4A23E401C27E}.Debug|Any CPU.ActiveCfg = Debug|Any CPU
		{2F595233-075A-4534-A190-4A23E401C27E}.Debug|Any CPU.Build.0 = Debug|Any CPU
		{2F595233-075A-4534-A190-4A23E401C27E}.Release|Any CPU.ActiveCfg = Release|Any CPU
		{2F595233-075A-4534-A190-4A23E401C27E}.Release|Any CPU.Build.0 = Release|Any CPU
	EndGlobalSection
	GlobalSection(SolutionProperties) = preSolution
		HideSolutionNode = FALSE
	EndGlobalSection
EndGlobal
